
Microsoft Visual Studio Solution File, Format Version 12.00
# Visual Studio 14
VisualStudioVersion = 14.0.25420.1
MinimumVisualStudioVersion = 10.0.40219.1
Project("{FAE04EC0-301F-11D3-BF4B-00C04F79EFBC}") = "Amayer.Info", "Amayer.Info\Amayer.Info.csproj", "{6EC3A545-D26F-458C-B5D3-8456C397D91E}"
EndProject
Project("{FAE04EC0-301F-11D3-BF4B-00C04F79EFBC}") = "Amayer.Info.CL", "Amayer.Info.CL\Amayer.Info.CL.csproj", "{BACD2B75-F28B-44E2-9019-346C0DA8F255}"
EndProject
Project("{FAE04EC0-301F-11D3-BF4B-00C04F79EFBC}") = "test", "test\test.csproj", "{36DC46F0-3DA0-4DAA-A543-8BC4B33C874E}"
EndProject
Global
	GlobalSection(SolutionConfigurationPlatforms) = preSolution
		Debug|Any CPU = Debug|Any CPU
		Release|Any CPU = Release|Any CPU
	EndGlobalSection
	GlobalSection(ProjectConfigurationPlatforms) = postSolution
		{6EC3A545-D26F-458C-B5D3-8456C397D91E}.Debug|Any CPU.ActiveCfg = Debug|Any CPU
		{6EC3A545-D26F-458C-B5D3-8456C397D91E}.Debug|Any CPU.Build.0 = Debug|Any CPU
		{6EC3A545-D26F-458C-B5D3-8456C397D91E}.Release|Any CPU.ActiveCfg = Release|Any CPU
		{6EC3A545-D26F-458C-B5D3-8456C397D91E}.Release|Any CPU.Build.0 = Release|Any CPU
		{BACD2B75-F28B-44E2-9019-346C0DA8F255}.Debug|Any CPU.ActiveCfg = Debug|Any CPU
		{BACD2B75-F28B-44E2-9019-346C0DA8F255}.Debug|Any CPU.Build.0 = Debug|Any CPU
		{BACD2B75-F28B-44E2-9019-346C0DA8F255}.Release|Any CPU.ActiveCfg = Release|Any CPU
		{BACD2B75-F28B-44E2-9019-346C0DA8F255}.Release|Any CPU.Build.0 = Release|Any CPU
		{36DC46F0-3DA0-4DAA-A543-8BC4B33C874E}.Debug|Any CPU.ActiveCfg = Debug|Any CPU
		{36DC46F0-3DA0-4DAA-A543-8BC4B33C874E}.Debug|Any CPU.Build.0 = Debug|Any CPU
		{36DC46F0-3DA0-4DAA-A543-8BC4B33C874E}.Release|Any CPU.ActiveCfg = Release|Any CPU
		{36DC46F0-3DA0-4DAA-A543-8BC4B33C874E}.Release|Any CPU.Build.0 = Release|Any CPU
	EndGlobalSection
	GlobalSection(SolutionProperties) = preSolution
		HideSolutionNode = FALSE
	EndGlobalSection
EndGlobal
